// !$*UTF8*$!
{
	archiveVersion = 1;
	classes = {
	};
	objectVersion = 46;
	objects = {

/* Begin PBXBuildFile section */
		C91D4AB41DA6363F0016AB6D /* AppDelegate.swift in Sources */ = {isa = PBXBuildFile; fileRef = C91D4AB31DA6363F0016AB6D /* AppDelegate.swift */; };
		C91D4AB61DA6363F0016AB6D /* ViewController.swift in Sources */ = {isa = PBXBuildFile; fileRef = C91D4AB51DA6363F0016AB6D /* ViewController.swift */; };
		C91D4AB91DA6363F0016AB6D /* Main.storyboard in Resources */ = {isa = PBXBuildFile; fileRef = C91D4AB71DA6363F0016AB6D /* Main.storyboard */; };
		C91D4ABB1DA6363F0016AB6D /* Assets.xcassets in Resources */ = {isa = PBXBuildFile; fileRef = C91D4ABA1DA6363F0016AB6D /* Assets.xcassets */; };
		C91D4ABE1DA6363F0016AB6D /* LaunchScreen.storyboard in Resources */ = {isa = PBXBuildFile; fileRef = C91D4ABC1DA6363F0016AB6D /* LaunchScreen.storyboard */; };
/* End PBXBuildFile section */

/* Begin PBXFileReference section */
		C91D4AB01DA6363F0016AB6D /* FlagTokenSample.app */ = {isa = PBXFileReference; explicitFileType = wrapper.application; includeInIndex = 0; path = FlagTokenSample.app; sourceTree = BUILT_PRODUCTS_DIR; };
		C91D4AB31DA6363F0016AB6D /* AppDelegate.swift */ = {isa = PBXFileReference; lastKnownFileType = sourcecode.swift; path = AppDelegate.swift; sourceTree = "<group>"; };
		C91D4AB51DA6363F0016AB6D /* ViewController.swift */ = {isa = PBXFileReference; lastKnownFileType = sourcecode.swift; path = ViewController.swift; sourceTree = "<group>"; };
		C91D4AB81DA6363F0016AB6D /* Base */ = {isa = PBXFileReference; lastKnownFileType = file.storyboard; name = Base; path = Base.lproj/Main.storyboard; sourceTree = "<group>"; };
		C91D4ABA1DA6363F0016AB6D /* Assets.xcassets */ = {isa = PBXFileReference; lastKnownFileType = folder.assetcatalog; path = Assets.xcassets; sourceTree = "<group>"; };
		C91D4ABD1DA6363F0016AB6D /* Base */ = {isa = PBXFileReference; lastKnownFileType = file.storyboard; name = Base; path = Base.lproj/LaunchScreen.storyboard; sourceTree = "<group>"; };
		C91D4ABF1DA6363F0016AB6D /* Info.plist */ = {isa = PBXFileReference; lastKnownFileType = text.plist.xml; path = Info.plist; sourceTree = "<group>"; };
/* End PBXFileReference section */

/* Begin PBXFrameworksBuildPhase section */
		C91D4AAD1DA6363F0016AB6D /* Frameworks */ = {
			isa = PBXFrameworksBuildPhase;
			buildActionMask = 2147483647;
			files = (
			);
			runOnlyForDeploymentPostprocessing = 0;
		};
/* End PBXFrameworksBuildPhase section */

/* Begin PBXGroup section */
		C91D4AA71DA6363F0016AB6D = {
			isa = PBXGroup;
			children = (
				C91D4AB21DA6363F0016AB6D /* FlagTokenSample */,
				C91D4AB11DA6363F0016AB6D /* Products */,
			);
			sourceTree = "<group>";
		};
		C91D4AB11DA6363F0016AB6D /* Products */ = {
			isa = PBXGroup;
			children = (
				C91D4AB01DA6363F0016AB6D /* FlagTokenSample.app */,
			);
			name = Products;
			sourceTree = "<group>";
		};
		C91D4AB21DA6363F0016AB6D /* FlagTokenSample */ = {
			isa = PBXGroup;
			children = (
				C91D4AB31DA6363F0016AB6D /* AppDelegate.swift */,
				C91D4AB51DA6363F0016AB6D /* ViewController.swift */,
				C91D4AB71DA6363F0016AB6D /* Main.storyboard */,
				C91D4ABA1DA6363F0016AB6D /* Assets.xcassets */,
				C91D4ABC1DA6363F0016AB6D /* LaunchScreen.storyboard */,
				C91D4ABF1DA6363F0016AB6D /* Info.plist */,
			);
			path = FlagTokenSample;
			sourceTree = "<group>";
		};
/* End PBXGroup section */

/* Begin PBXNativeTarget section */
		C91D4AAF1DA6363F0016AB6D /* FlagTokenSample */ = {
			isa = PBXNativeTarget;
			buildConfigurationList = C91D4AC21DA6363F0016AB6D /* Build configuration list for PBXNativeTarget "FlagTokenSample" */;
			buildPhases = (
				C91D4AAC1DA6363F0016AB6D /* Sources */,
				C91D4AAD1DA6363F0016AB6D /* Frameworks */,
				C91D4AAE1DA6363F0016AB6D /* Resources */,
			);
			buildRules = (
			);
			dependencies = (
			);
			name = FlagTokenSample;
			productName = FlagTokenSample;
			productReference = C91D4AB01DA6363F0016AB6D /* FlagTokenSample.app */;
			productType = "com.apple.product-type.application";
		};
/* End PBXNativeTarget section */

/* Begin PBXProject section */
		C91D4AA81DA6363F0016AB6D /* Project object */ = {
			isa = PBXProject;
			attributes = {
				LastSwiftUpdateCheck = 0730;
				LastUpgradeCheck = 0730;
				ORGANIZATIONNAME = "Logiciel Solutions";
				TargetAttributes = {
					C91D4AAF1DA6363F0016AB6D = {
						CreatedOnToolsVersion = 7.3;
					};
				};
			};
			buildConfigurationList = C91D4AAB1DA6363F0016AB6D /* Build configuration list for PBXProject "FlagTokenSample" */;
			compatibilityVersion = "Xcode 3.2";
			developmentRegion = English;
			hasScannedForEncodings = 0;
			knownRegions = (
				en,
				Base,
			);
			mainGroup = C91D4AA71DA6363F0016AB6D;
			productRefGroup = C91D4AB11DA6363F0016AB6D /* Products */;
			projectDirPath = "";
			projectRoot = "";
			targets = (
				C91D4AAF1DA6363F0016AB6D /* FlagTokenSample */,
			);
		};
/* End PBXProject section */

/* Begin PBXResourcesBuildPhase section */
		C91D4AAE1DA6363F0016AB6D /* Resources */ = {
			isa = PBXResourcesBuildPhase;
			buildActionMask = 2147483647;
			files = (
				C91D4ABE1DA6363F0016AB6D /* LaunchScreen.storyboard in Resources */,
				C91D4ABB1DA6363F0016AB6D /* Assets.xcassets in Resources */,
				C91D4AB91DA6363F0016AB6D /* Main.storyboard in Resources */,
			);
			runOnlyForDeploymentPostprocessing = 0;
		};
/* End PBXResourcesBuildPhase section */

/* Begin PBXSourcesBuildPhase section */
		C91D4AAC1DA6363F0016AB6D /* Sources */ = {
			isa = PBXSourcesBuildPhase;
			buildActionMask = 2147483647;
			files = (
				C91D4AB61DA6363F0016AB6D /* ViewController.swift in Sources */,
				C91D4AB41DA6363F0016AB6D /* AppDelegate.swift in Sources */,
			);
			runOnlyForDeploymentPostprocessing = 0;
		};
/* End PBXSourcesBuildPhase section */

/* Begin PBXVariantGroup section */
		C91D4AB71DA6363F0016AB6D /* Main.storyboard */ = {
			isa = PBXVariantGroup;
			children = (
				C91D4AB81DA6363F0016AB6D /* Base */,
			);
			name = Main.storyboard;
			sourceTree = "<group>";
		};
		C91D4ABC1DA6363F0016AB6D /* LaunchScreen.storyboard */ = {
			isa = PBXVariantGroup;
			children = (
				C91D4ABD1DA6363F0016AB6D /* Base */,
			);
			name = LaunchScreen.storyboard;
			sourceTree = "<group>";
		};
/* End PBXVariantGroup section */

/* Begin XCBuildConfiguration section */
		C91D4AC01DA6363F0016AB6D /* Debug */ = {
			isa = XCBuildConfiguration;
			buildSettings = {
				ALWAYS_SEARCH_USER_PATHS = NO;
				CLANG_ANALYZER_NONNULL = YES;
				CLANG_CXX_LANGUAGE_STANDARD = "gnu++0x";
				CLANG_CXX_LIBRARY = "libc++";
				CLANG_ENABLE_MODULES = YES;
				CLANG_ENABLE_OBJC_ARC = YES;
				CLANG_WARN_BOOL_CONVERSION = YES;
				CLANG_WARN_CONSTANT_CONVERSION = YES;
				CLANG_WARN_DIRECT_OBJC_ISA_USAGE = YES_ERROR;
				CLANG_WARN_EMPTY_BODY = YES;
				CLANG_WARN_ENUM_CONVERSION = YES;
				CLANG_WARN_INT_CONVERSION = YES;
				CLANG_WARN_OBJC_ROOT_CLASS = YES_ERROR;
				CLANG_WARN_UNREACHABLE_CODE = YES;
				CLANG_WARN__DUPLICATE_METHOD_MATCH = YES;
				"CODE_SIGN_IDENTITY[sdk=iphoneos*]" = "iPhone Developer";
				COPY_PHASE_STRIP = NO;
				DEBUG_INFORMATION_FORMAT = dwarf;
				ENABLE_STRICT_OBJC_MSGSEND = YES;
				ENABLE_TESTABILITY = YES;
				GCC_C_LANGUAGE_STANDARD = gnu99;
				GCC_DYNAMIC_NO_PIC = NO;
				GCC_NO_COMMON_BLOCKS = YES;
				GCC_OPTIMIZATION_LEVEL = 0;
				GCC_PREPROCESSOR_DEFINITIONS = (
					"DEBUG=1",
					"$(inherited)",
				);
				GCC_WARN_64_TO_32_BIT_CONVERSION = YES;
				GCC_WARN_ABOUT_RETURN_TYPE = YES_ERROR;
				GCC_WARN_UNDECLARED_SELECTOR = YES;
				GCC_WARN_UNINITIALIZED_AUTOS = YES_AGGRESSIVE;
				GCC_WARN_UNUSED_FUNCTION = YES;
				GCC_WARN_UNUSED_VARIABLE = YES;
				IPHONEOS_DEPLOYMENT_TARGET = 9.3;
				MTL_ENABLE_DEBUG_INFO = YES;
				ONLY_ACTIVE_ARCH = YES;
				SDKROOT = iphoneos;
				SWIFT_OPTIMIZATION_LEVEL = "-Onone";
			};
			name = Debug;
		};
		C91D4AC11DA6363F0016AB6D /* Release */ = {
			isa = XCBuildConfiguration;
			buildSettings = {
				ALWAYS_SEARCH_USER_PATHS = NO;
				CLANG_ANALYZER_NONNULL = YES;
				CLANG_CXX_LANGUAGE_STANDARD = "gnu++0x";
				CLANG_CXX_LIBRARY = "libc++";
				CLANG_ENABLE_MODULES = YES;
				CLANG_ENABLE_OBJC_ARC = YES;
				CLANG_WARN_BOOL_CONVERSION = YES;
				CLANG_WARN_CONSTANT_CONVERSION = YES;
				CLANG_WARN_DIRECT_OBJC_ISA_USAGE = YES_ERROR;
				CLANG_WARN_EMPTY_BODY = YES;
				CLANG_WARN_ENUM_CONVERSION = YES;
				CLANG_WARN_INT_CONVERSION = YES;
				CLANG_WARN_OBJC_ROOT_CLASS = YES_ERROR;
				CLANG_WARN_UNREACHABLE_CODE = YES;
				CLANG_WARN__DUPLICATE_METHOD_MATCH = YES;
				"CODE_SIGN_IDENTITY[sdk=iphoneos*]" = "iPhone Developer";
				COPY_PHASE_STRIP = NO;
				DEBUG_INFORMATION_FORMAT = "dwarf-with-dsym";
				ENABLE_NS_ASSERTIONS = NO;
				ENABLE_STRICT_OBJC_MSGSEND = YES;
				GCC_C_LANGUAGE_STANDARD = gnu99;
				GCC_NO_COMMON_BLOCKS = YES;
				GCC_WARN_64_TO_32_BIT_CONVERSION = YES;
				GCC_WARN_ABOUT_RETURN_TYPE = YES_ERROR;
				GCC_WARN_UNDECLARED_SELECTOR = YES;
				GCC_WARN_UNINITIALIZED_AUTOS = YES_AGGRESSIVE;
				GCC_WARN_UNUSED_FUNCTION = YES;
				GCC_WARN_UNUSED_VARIABLE = YES;
				IPHONEOS_DEPLOYMENT_TARGET = 9.3;
				MTL_ENABLE_DEBUG_INFO = NO;
				SDKROOT = iphoneos;
				VALIDATE_PRODUCT = YES;
			};
			name = Release;
		};
		C91D4AC31DA6363F0016AB6D /* Debug */ = {
			isa = XCBuildConfiguration;
			buildSettings = {
				ASSETCATALOG_COMPILER_APPICON_NAME = AppIcon;
				INFOPLIST_FILE = FlagTokenSample/Info.plist;
				LD_RUNPATH_SEARCH_PATHS = "$(inherited) @executable_path/Frameworks";
				PRODUCT_BUNDLE_IDENTIFIER = "Logiciel-Solution.FlagTokenSample";
				PRODUCT_NAME = "$(TARGET_NAME)";
			};
			name = Debug;
		};
		C91D4AC41DA6363F0016AB6D /* Release */ = {
			isa = XCBuildConfiguration;
			buildSettings = {
				ASSETCATALOG_COMPILER_APPICON_NAME = AppIcon;
				INFOPLIST_FILE = FlagTokenSample/Info.plist;
				LD_RUNPATH_SEARCH_PATHS = "$(inherited) @executable_path/Frameworks";
				PRODUCT_BUNDLE_IDENTIFIER = "Logiciel-Solution.FlagTokenSample";
				PRODUCT_NAME = "$(TARGET_NAME)";
			};
			name = Release;
		};
/* End XCBuildConfiguration section */

/* Begin XCConfigurationList section */
		C91D4AAB1DA6363F0016AB6D /* Build configuration list for PBXProject "FlagTokenSample" */ = {
			isa = XCConfigurationList;
			buildConfigurations = (
				C91D4AC01DA6363F0016AB6D /* Debug */,
				C91D4AC11DA6363F0016AB6D /* Release */,
			);
			defaultConfigurationIsVisible = 0;
			defaultConfigurationName = Release;
		};
		C91D4AC21DA6363F0016AB6D /* Build configuration list for PBXNativeTarget "FlagTokenSample" */ = {
			isa = XCConfigurationList;
			buildConfigurations = (
				C91D4AC31DA6363F0016AB6D /* Debug */,
				C91D4AC41DA6363F0016AB6D /* Release */,
			);
			defaultConfigurationIsVisible = 0;
		};
/* End XCConfigurationList section */
	};
	rootObject = C91D4AA81DA6363F0016AB6D /* Project object */;
}
